
Microsoft Visual Studio Solution File, Format Version 12.00
# Visual Studio Version 17
VisualStudioVersion = 17.5.33516.290
MinimumVisualStudioVersion = 10.0.40219.1
Project("{9A19103F-16F7-4668-BE54-9A1E7A4F7556}") = "Levi9.POS.WebApi", "Levi9.POS\Levi9.POS.WebApi.csproj", "{D9108C37-2BE7-4308-9321-2E3C006021E8}"
EndProject
Project("{9A19103F-16F7-4668-BE54-9A1E7A4F7556}") = "Levi9.POS.Domain", "Levi9.POS.Domain\Levi9.POS.Domain.csproj", "{1E3BEAD8-4393-4946-B0C1-7251153E3F4B}"
EndProject
Project("{9A19103F-16F7-4668-BE54-9A1E7A4F7556}") = "Levi9.POS.UnitTests", "Levi9.POS.UnitTests\Levi9.POS.UnitTests.csproj", "{DC1F278F-BC5E-49D7-B7B8-DB2510E416C2}"
EndProject
Project("{9A19103F-16F7-4668-BE54-9A1E7A4F7556}") = "Levi9.POS.Data.Migrations", "Levi9.POS.Data.Migrations\Levi9.POS.Data.Migrations.csproj", "{E33FEC2E-F3E1-45DF-BFCB-D12150DD8B1E}"
EndProject
Project("{FAE04EC0-301F-11D3-BF4B-00C04F79EFBC}") = "Levi9.POS.IntegrationTests", "Levi9.POS.IntegrationTests\Levi9.POS.IntegrationTests.csproj", "{2FF208E8-4ACA-4E14-A614-5CCF5F6B9DA6}"
EndProject
Global
	GlobalSection(SolutionConfigurationPlatforms) = preSolution
		Debug|Any CPU = Debug|Any CPU
		Release|Any CPU = Release|Any CPU
	EndGlobalSection
	GlobalSection(ProjectConfigurationPlatforms) = postSolution
		{D9108C37-2BE7-4308-9321-2E3C006021E8}.Debug|Any CPU.ActiveCfg = Debug|Any CPU
		{D9108C37-2BE7-4308-9321-2E3C006021E8}.Debug|Any CPU.Build.0 = Debug|Any CPU
		{D9108C37-2BE7-4308-9321-2E3C006021E8}.Release|Any CPU.ActiveCfg = Release|Any CPU
		{D9108C37-2BE7-4308-9321-2E3C006021E8}.Release|Any CPU.Build.0 = Release|Any CPU
		{1E3BEAD8-4393-4946-B0C1-7251153E3F4B}.Debug|Any CPU.ActiveCfg = Debug|Any CPU
		{1E3BEAD8-4393-4946-B0C1-7251153E3F4B}.Debug|Any CPU.Build.0 = Debug|Any CPU
		{1E3BEAD8-4393-4946-B0C1-7251153E3F4B}.Release|Any CPU.ActiveCfg = Release|Any CPU
		{1E3BEAD8-4393-4946-B0C1-7251153E3F4B}.Release|Any CPU.Build.0 = Release|Any CPU
		{DC1F278F-BC5E-49D7-B7B8-DB2510E416C2}.Debug|Any CPU.ActiveCfg = Debug|Any CPU
		{DC1F278F-BC5E-49D7-B7B8-DB2510E416C2}.Debug|Any CPU.Build.0 = Debug|Any CPU
		{DC1F278F-BC5E-49D7-B7B8-DB2510E416C2}.Release|Any CPU.ActiveCfg = Release|Any CPU
		{DC1F278F-BC5E-49D7-B7B8-DB2510E416C2}.Release|Any CPU.Build.0 = Release|Any CPU
		{E33FEC2E-F3E1-45DF-BFCB-D12150DD8B1E}.Debug|Any CPU.ActiveCfg = Debug|Any CPU
		{E33FEC2E-F3E1-45DF-BFCB-D12150DD8B1E}.Debug|Any CPU.Build.0 = Debug|Any CPU
		{E33FEC2E-F3E1-45DF-BFCB-D12150DD8B1E}.Release|Any CPU.ActiveCfg = Release|Any CPU
		{E33FEC2E-F3E1-45DF-BFCB-D12150DD8B1E}.Release|Any CPU.Build.0 = Release|Any CPU
		{2FF208E8-4ACA-4E14-A614-5CCF5F6B9DA6}.Debug|Any CPU.ActiveCfg = Debug|Any CPU
		{2FF208E8-4ACA-4E14-A614-5CCF5F6B9DA6}.Debug|Any CPU.Build.0 = Debug|Any CPU
		{2FF208E8-4ACA-4E14-A614-5CCF5F6B9DA6}.Release|Any CPU.ActiveCfg = Release|Any CPU
		{2FF208E8-4ACA-4E14-A614-5CCF5F6B9DA6}.Release|Any CPU.Build.0 = Release|Any CPU
	EndGlobalSection
	GlobalSection(SolutionProperties) = preSolution
		HideSolutionNode = FALSE
	EndGlobalSection
	GlobalSection(ExtensibilityGlobals) = postSolution
		SolutionGuid = {6CC83C16-F851-41B9-86F9-C44FE30B0236}
	EndGlobalSection
EndGlobal
